{
  "name": "@textile/threads-grpc",
  "version": "0.0.0",
  "lockfileVersion": 1,
  "requires": true,
  "dependencies": {
    "@improbable-eng/grpc-web": {
      "version": "0.14.0",
      "resolved": "https://registry.npmjs.org/@improbable-eng/grpc-web/-/grpc-web-0.14.0.tgz",
      "integrity": "sha512-ag1PTMWpBZKGi6GrEcZ4lkU5Qag23Xjo10BmnK9qyx4TMmSVcWmQ3rECirfQzm2uogrM9n1M6xfOpFsJP62ivA==",
      "requires": {
        "browser-headers": "^0.4.1"
      }
    },
    "@types/google-protobuf": {
      "version": "3.7.4",
      "resolved": "https://registry.npmjs.org/@types/google-protobuf/-/google-protobuf-3.7.4.tgz",
      "integrity": "sha512-6PjMFKl13cgB4kRdYtvyjKl8VVa0PXS2IdVxHhQ8GEKbxBkyJtSbaIeK1eZGjDKN7dvUh4vkOvU9FMwYNv4GQQ=="
    },
    "browser-headers": {
      "version": "0.4.1",
      "resolved": "https://registry.npmjs.org/browser-headers/-/browser-headers-0.4.1.tgz",
      "integrity": "sha512-CA9hsySZVo9371qEHjHZtYxV2cFtVj5Wj/ZHi8ooEsrtm4vOnl9Y9HmyYWk9q+05d7K3rdoAE0j3MVEFVvtQtg=="
    },
    "google-protobuf": {
      "version": "3.15.5",
      "resolved": "https://registry.npmjs.org/google-protobuf/-/google-protobuf-3.15.5.tgz",
      "integrity": "sha512-6bLpAI4nMIQODlegR7OevgkCoyOj5frLVDArUpeuBWad7XWUNWMGP0v5lz1/aeUI6Yf3cG9XA6acZkPxom4SEw=="
    },
    "ts-protoc-gen": {
      "version": "0.14.0",
      "resolved": "https://registry.npmjs.org/ts-protoc-gen/-/ts-protoc-gen-0.14.0.tgz",
      "integrity": "sha512-2z6w2HioMCMVNcgNHBcEvudmQfzrn+3BjAlz+xgYZ9L0o8n8UG8WUiTJcbXHFiEg2SU8IltwH2pm1otLoMSKwg==",
      "dev": true,
      "requires": {
        "google-protobuf": "^3.6.1"
      }
    }
  }
}
