{
  "requires": true,
  "lockfileVersion": 1,
  "dependencies": {
    "google-protobuf": {
      "version": "3.10.0",
      "resolved": "https://registry.npmjs.org/google-protobuf/-/google-protobuf-3.10.0.tgz",
      "integrity": "sha512-d0cMO8TJ6xtB/WrVHCv5U81L2ulX+aCD58IljyAN6mHwdHHJ2jbcauX5glvivi3s3hx7EYEo7eUA9WftzamMnw=="
    },
    "ts-protoc-gen": {
      "version": "0.12.0",
      "resolved": "https://registry.npmjs.org/ts-protoc-gen/-/ts-protoc-gen-0.12.0.tgz",
      "integrity": "sha512-V7jnICJxKqalBrnJSMTW5tB9sGi48gOC325bfcM7TDNUItVOlaMM//rQmuo49ybipk/SyJTnWXgtJnhHCevNJw==",
      "requires": {
        "google-protobuf": "^3.6.1"
      }
    }
  }
}
